
Microsoft Visual Studio Solution File, Format Version 12.00
# Visual Studio 14
VisualStudioVersion = 14.0.25420.1
MinimumVisualStudioVersion = 10.0.40219.1
Project("{FAE04EC0-301F-11D3-BF4B-00C04F79EFBC}") = "Bulls_and_cows", "Bulls_and_cows\Bulls_and_cows.csproj", "{D6E3F4E8-B311-4FAF-AB4D-303C36D27B51}"
EndProject
Global
	GlobalSection(SolutionConfigurationPlatforms) = preSolution
		Debug|Any CPU = Debug|Any CPU
		Release|Any CPU = Release|Any CPU
	EndGlobalSection
	GlobalSection(ProjectConfigurationPlatforms) = postSolution
		{D6E3F4E8-B311-4FAF-AB4D-303C36D27B51}.Debug|Any CPU.ActiveCfg = Debug|Any CPU
		{D6E3F4E8-B311-4FAF-AB4D-303C36D27B51}.Debug|Any CPU.Build.0 = Debug|Any CPU
		{D6E3F4E8-B311-4FAF-AB4D-303C36D27B51}.Release|Any CPU.ActiveCfg = Release|Any CPU
		{D6E3F4E8-B311-4FAF-AB4D-303C36D27B51}.Release|Any CPU.Build.0 = Release|Any CPU
	EndGlobalSection
	GlobalSection(SolutionProperties) = preSolution
		HideSolutionNode = FALSE
	EndGlobalSection
EndGlobal
